
Microsoft Visual Studio Solution File, Format Version 12.00
# Visual Studio Version 17
VisualStudioVersion = 17.9.34607.119
MinimumVisualStudioVersion = 10.0.40219.1
Project("{FAE04EC0-301F-11D3-BF4B-00C04F79EFBC}") = "LabotorioProgra1", "LabotorioProgra1.csproj", "{8F6CAF7D-C801-4C9E-B78F-F9EFEDDFDB2D}"
EndProject
Global
	GlobalSection(SolutionConfigurationPlatforms) = preSolution
		Debug|Any CPU = Debug|Any CPU
		Release|Any CPU = Release|Any CPU
	EndGlobalSection
	GlobalSection(ProjectConfigurationPlatforms) = postSolution
		{8F6CAF7D-C801-4C9E-B78F-F9EFEDDFDB2D}.Debug|Any CPU.ActiveCfg = Debug|Any CPU
		{8F6CAF7D-C801-4C9E-B78F-F9EFEDDFDB2D}.Debug|Any CPU.Build.0 = Debug|Any CPU
		{8F6CAF7D-C801-4C9E-B78F-F9EFEDDFDB2D}.Release|Any CPU.ActiveCfg = Release|Any CPU
		{8F6CAF7D-C801-4C9E-B78F-F9EFEDDFDB2D}.Release|Any CPU.Build.0 = Release|Any CPU
	EndGlobalSection
	GlobalSection(SolutionProperties) = preSolution
		HideSolutionNode = FALSE
	EndGlobalSection
	GlobalSection(ExtensibilityGlobals) = postSolution
		SolutionGuid = {B519D2B3-6BEE-45C7-82FD-22FF940B14C6}
	EndGlobalSection
EndGlobal
